
Microsoft Visual Studio Solution File, Format Version 12.00
# Visual Studio 15
VisualStudioVersion = 15.0.28307.168
MinimumVisualStudioVersion = 10.0.40219.1
Project("{9092AA53-FB77-4645-B42D-1CCCA6BD08BD}") = "Server", "Server\Server.njsproj", "{9AA8DCB0-44E8-429E-9D98-F052DC283990}"
EndProject
Global
	GlobalSection(SolutionConfigurationPlatforms) = preSolution
		Debug|Any CPU = Debug|Any CPU
		Release|Any CPU = Release|Any CPU
	EndGlobalSection
	GlobalSection(ProjectConfigurationPlatforms) = postSolution
		{9AA8DCB0-44E8-429E-9D98-F052DC283990}.Debug|Any CPU.ActiveCfg = Debug|Any CPU
		{9AA8DCB0-44E8-429E-9D98-F052DC283990}.Debug|Any CPU.Build.0 = Debug|Any CPU
		{9AA8DCB0-44E8-429E-9D98-F052DC283990}.Release|Any CPU.ActiveCfg = Release|Any CPU
		{9AA8DCB0-44E8-429E-9D98-F052DC283990}.Release|Any CPU.Build.0 = Release|Any CPU
	EndGlobalSection
	GlobalSection(SolutionProperties) = preSolution
		HideSolutionNode = FALSE
	EndGlobalSection
	GlobalSection(ExtensibilityGlobals) = postSolution
		SolutionGuid = {5572BB24-E96E-4967-B98A-22C3E9CC7042}
	EndGlobalSection
EndGlobal
